// !$*UTF8*$!
{
	archiveVersion = 1;
	classes = {
	};
	objectVersion = 56;
	objects = {

/* Begin PBXBuildFile section */
		049201EF2C2ECECA00EDAAB7 /* GFTitleLabel.swift in Sources */ = {isa = PBXBuildFile; fileRef = 049201EE2C2ECECA00EDAAB7 /* GFTitleLabel.swift */; };
		049201F12C2ED01400EDAAB7 /* GFBodyLabel.swift in Sources */ = {isa = PBXBuildFile; fileRef = 049201F02C2ED01400EDAAB7 /* GFBodyLabel.swift */; };
		049201F32C2ED0D800EDAAB7 /* GFAlertVC.swift in Sources */ = {isa = PBXBuildFile; fileRef = 049201F22C2ED0D800EDAAB7 /* GFAlertVC.swift */; };
		049201F52C3269EF00EDAAB7 /* UIViewController+Ext.swift in Sources */ = {isa = PBXBuildFile; fileRef = 049201F42C3269EF00EDAAB7 /* UIViewController+Ext.swift */; };
		049201FC2C32A4DC00EDAAB7 /* Follower.swift in Sources */ = {isa = PBXBuildFile; fileRef = 049201FB2C32A4DC00EDAAB7 /* Follower.swift */; };
		049201FE2C32A59900EDAAB7 /* User.swift in Sources */ = {isa = PBXBuildFile; fileRef = 049201FD2C32A59900EDAAB7 /* User.swift */; };
		049202012C32ADA800EDAAB7 /* NetworkManager.swift in Sources */ = {isa = PBXBuildFile; fileRef = 049202002C32ADA800EDAAB7 /* NetworkManager.swift */; };
		04D1548E2C33C889000C15E7 /* ErrorMessage.swift in Sources */ = {isa = PBXBuildFile; fileRef = 04D1548D2C33C889000C15E7 /* ErrorMessage.swift */; };
		04F3E54B2C16C7C200A54036 /* AppDelegate.swift in Sources */ = {isa = PBXBuildFile; fileRef = 04F3E54A2C16C7C200A54036 /* AppDelegate.swift */; };
		04F3E54D2C16C7C200A54036 /* SceneDelegate.swift in Sources */ = {isa = PBXBuildFile; fileRef = 04F3E54C2C16C7C200A54036 /* SceneDelegate.swift */; };
		04F3E5542C16C7C300A54036 /* Assets.xcassets in Resources */ = {isa = PBXBuildFile; fileRef = 04F3E5532C16C7C300A54036 /* Assets.xcassets */; };
		04F3E5572C16C7C300A54036 /* Base in Resources */ = {isa = PBXBuildFile; fileRef = 04F3E5562C16C7C300A54036 /* Base */; };
		04F3E55F2C16CF3200A54036 /* SearchVC.swift in Sources */ = {isa = PBXBuildFile; fileRef = 04F3E55E2C16CF3200A54036 /* SearchVC.swift */; };
		04F3E5612C16CF5900A54036 /* FavoritesVC.swift in Sources */ = {isa = PBXBuildFile; fileRef = 04F3E5602C16CF5900A54036 /* FavoritesVC.swift */; };
		04F3E5632C16D49B00A54036 /* GFButton.swift in Sources */ = {isa = PBXBuildFile; fileRef = 04F3E5622C16D49B00A54036 /* GFButton.swift */; };
		04F3E5652C16E0C000A54036 /* GFTextField.swift in Sources */ = {isa = PBXBuildFile; fileRef = 04F3E5642C16E0C000A54036 /* GFTextField.swift */; };
		04F3E5672C16F22200A54036 /* FollowersListVC.swift in Sources */ = {isa = PBXBuildFile; fileRef = 04F3E5662C16F22200A54036 /* FollowersListVC.swift */; };
/* End PBXBuildFile section */

/* Begin PBXFileReference section */
		049201EE2C2ECECA00EDAAB7 /* GFTitleLabel.swift */ = {isa = PBXFileReference; lastKnownFileType = sourcecode.swift; path = GFTitleLabel.swift; sourceTree = "<group>"; };
		049201F02C2ED01400EDAAB7 /* GFBodyLabel.swift */ = {isa = PBXFileReference; lastKnownFileType = sourcecode.swift; path = GFBodyLabel.swift; sourceTree = "<group>"; };
		049201F22C2ED0D800EDAAB7 /* GFAlertVC.swift */ = {isa = PBXFileReference; lastKnownFileType = sourcecode.swift; path = GFAlertVC.swift; sourceTree = "<group>"; };
		049201F42C3269EF00EDAAB7 /* UIViewController+Ext.swift */ = {isa = PBXFileReference; lastKnownFileType = sourcecode.swift; path = "UIViewController+Ext.swift"; sourceTree = "<group>"; };
		049201FB2C32A4DC00EDAAB7 /* Follower.swift */ = {isa = PBXFileReference; lastKnownFileType = sourcecode.swift; path = Follower.swift; sourceTree = "<group>"; };
		049201FD2C32A59900EDAAB7 /* User.swift */ = {isa = PBXFileReference; lastKnownFileType = sourcecode.swift; path = User.swift; sourceTree = "<group>"; };
		049202002C32ADA800EDAAB7 /* NetworkManager.swift */ = {isa = PBXFileReference; lastKnownFileType = sourcecode.swift; path = NetworkManager.swift; sourceTree = "<group>"; };
		04D1548D2C33C889000C15E7 /* ErrorMessage.swift */ = {isa = PBXFileReference; lastKnownFileType = sourcecode.swift; path = ErrorMessage.swift; sourceTree = "<group>"; };
		04F3E5472C16C7C200A54036 /* GitHubUIKIT.app */ = {isa = PBXFileReference; explicitFileType = wrapper.application; includeInIndex = 0; path = GitHubUIKIT.app; sourceTree = BUILT_PRODUCTS_DIR; };
		04F3E54A2C16C7C200A54036 /* AppDelegate.swift */ = {isa = PBXFileReference; lastKnownFileType = sourcecode.swift; path = AppDelegate.swift; sourceTree = "<group>"; };
		04F3E54C2C16C7C200A54036 /* SceneDelegate.swift */ = {isa = PBXFileReference; lastKnownFileType = sourcecode.swift; path = SceneDelegate.swift; sourceTree = "<group>"; };
		04F3E5532C16C7C300A54036 /* Assets.xcassets */ = {isa = PBXFileReference; lastKnownFileType = folder.assetcatalog; path = Assets.xcassets; sourceTree = "<group>"; };
		04F3E5562C16C7C300A54036 /* Base */ = {isa = PBXFileReference; lastKnownFileType = file.storyboard; name = Base; path = Base.lproj/LaunchScreen.storyboard; sourceTree = "<group>"; };
		04F3E5582C16C7C300A54036 /* Info.plist */ = {isa = PBXFileReference; lastKnownFileType = text.plist.xml; path = Info.plist; sourceTree = "<group>"; };
		04F3E55E2C16CF3200A54036 /* SearchVC.swift */ = {isa = PBXFileReference; lastKnownFileType = sourcecode.swift; path = SearchVC.swift; sourceTree = "<group>"; };
		04F3E5602C16CF5900A54036 /* FavoritesVC.swift */ = {isa = PBXFileReference; lastKnownFileType = sourcecode.swift; path = FavoritesVC.swift; sourceTree = "<group>"; };
		04F3E5622C16D49B00A54036 /* GFButton.swift */ = {isa = PBXFileReference; lastKnownFileType = sourcecode.swift; path = GFButton.swift; sourceTree = "<group>"; };
		04F3E5642C16E0C000A54036 /* GFTextField.swift */ = {isa = PBXFileReference; lastKnownFileType = sourcecode.swift; path = GFTextField.swift; sourceTree = "<group>"; };
		04F3E5662C16F22200A54036 /* FollowersListVC.swift */ = {isa = PBXFileReference; lastKnownFileType = sourcecode.swift; path = FollowersListVC.swift; sourceTree = "<group>"; };
/* End PBXFileReference section */

/* Begin PBXFrameworksBuildPhase section */
		04F3E5442C16C7C200A54036 /* Frameworks */ = {
			isa = PBXFrameworksBuildPhase;
			buildActionMask = 2147483647;
			files = (
			);
			runOnlyForDeploymentPostprocessing = 0;
		};
/* End PBXFrameworksBuildPhase section */

/* Begin PBXGroup section */
		049201F62C326CD000EDAAB7 /* Screens */ = {
			isa = PBXGroup;
			children = (
				04F3E55E2C16CF3200A54036 /* SearchVC.swift */,
				04F3E5602C16CF5900A54036 /* FavoritesVC.swift */,
				04F3E5662C16F22200A54036 /* FollowersListVC.swift */,
			);
			path = Screens;
			sourceTree = "<group>";
		};
		049201F72C326D2C00EDAAB7 /* Custom Views */ = {
			isa = PBXGroup;
			children = (
				049201F22C2ED0D800EDAAB7 /* GFAlertVC.swift */,
				04F3E5622C16D49B00A54036 /* GFButton.swift */,
				049201F02C2ED01400EDAAB7 /* GFBodyLabel.swift */,
				04F3E5642C16E0C000A54036 /* GFTextField.swift */,
				049201EE2C2ECECA00EDAAB7 /* GFTitleLabel.swift */,
			);
			path = "Custom Views";
			sourceTree = "<group>";
		};
		049201F82C326D6900EDAAB7 /* Extension */ = {
			isa = PBXGroup;
			children = (
				049201F42C3269EF00EDAAB7 /* UIViewController+Ext.swift */,
			);
			path = Extension;
			sourceTree = "<group>";
		};
		049201F92C326DCA00EDAAB7 /* Support */ = {
			isa = PBXGroup;
			children = (
				04F3E54A2C16C7C200A54036 /* AppDelegate.swift */,
				04F3E54C2C16C7C200A54036 /* SceneDelegate.swift */,
				04F3E5532C16C7C300A54036 /* Assets.xcassets */,
				04F3E5552C16C7C300A54036 /* LaunchScreen.storyboard */,
			);
			path = Support;
			sourceTree = "<group>";
		};
		049201FA2C32A4D500EDAAB7 /* Model */ = {
			isa = PBXGroup;
			children = (
				049201FB2C32A4DC00EDAAB7 /* Follower.swift */,
				049201FD2C32A59900EDAAB7 /* User.swift */,
			);
			path = Model;
			sourceTree = "<group>";
		};
		049201FF2C32AD9800EDAAB7 /* Managers */ = {
			isa = PBXGroup;
			children = (
				049202002C32ADA800EDAAB7 /* NetworkManager.swift */,
			);
			path = Managers;
			sourceTree = "<group>";
		};
		04D1548C2C33C873000C15E7 /* Utilities */ = {
			isa = PBXGroup;
			children = (
				04D1548D2C33C889000C15E7 /* ErrorMessage.swift */,
			);
			path = Utilities;
			sourceTree = "<group>";
		};
		04F3E53E2C16C7C200A54036 = {
			isa = PBXGroup;
			children = (
				04F3E5492C16C7C200A54036 /* GitHubUIKIT */,
				04F3E5482C16C7C200A54036 /* Products */,
			);
			sourceTree = "<group>";
		};
		04F3E5482C16C7C200A54036 /* Products */ = {
			isa = PBXGroup;
			children = (
				04F3E5472C16C7C200A54036 /* GitHubUIKIT.app */,
			);
			name = Products;
			sourceTree = "<group>";
		};
		04F3E5492C16C7C200A54036 /* GitHubUIKIT */ = {
			isa = PBXGroup;
			children = (
				04D1548C2C33C873000C15E7 /* Utilities */,
				04F3E5582C16C7C300A54036 /* Info.plist */,
				049201FF2C32AD9800EDAAB7 /* Managers */,
				049201FA2C32A4D500EDAAB7 /* Model */,
				049201F92C326DCA00EDAAB7 /* Support */,
				049201F82C326D6900EDAAB7 /* Extension */,
				049201F72C326D2C00EDAAB7 /* Custom Views */,
				049201F62C326CD000EDAAB7 /* Screens */,
			);
			path = GitHubUIKIT;
			sourceTree = "<group>";
		};
/* End PBXGroup section */

/* Begin PBXNativeTarget section */
		04F3E5462C16C7C200A54036 /* GitHubUIKIT */ = {
			isa = PBXNativeTarget;
			buildConfigurationList = 04F3E55B2C16C7C300A54036 /* Build configuration list for PBXNativeTarget "GitHubUIKIT" */;
			buildPhases = (
				04F3E5432C16C7C200A54036 /* Sources */,
				04F3E5442C16C7C200A54036 /* Frameworks */,
				04F3E5452C16C7C200A54036 /* Resources */,
			);
			buildRules = (
			);
			dependencies = (
			);
			name = GitHubUIKIT;
			productName = GitHubUIKIT;
			productReference = 04F3E5472C16C7C200A54036 /* GitHubUIKIT.app */;
			productType = "com.apple.product-type.application";
		};
/* End PBXNativeTarget section */

/* Begin PBXProject section */
		04F3E53F2C16C7C200A54036 /* Project object */ = {
			isa = PBXProject;
			attributes = {
				BuildIndependentTargetsInParallel = 1;
				LastSwiftUpdateCheck = 1530;
				LastUpgradeCheck = 1530;
				TargetAttributes = {
					04F3E5462C16C7C200A54036 = {
						CreatedOnToolsVersion = 15.3;
					};
				};
			};
			buildConfigurationList = 04F3E5422C16C7C200A54036 /* Build configuration list for PBXProject "GitHubUIKIT" */;
			compatibilityVersion = "Xcode 14.0";
			developmentRegion = en;
			hasScannedForEncodings = 0;
			knownRegions = (
				en,
				Base,
			);
			mainGroup = 04F3E53E2C16C7C200A54036;
			productRefGroup = 04F3E5482C16C7C200A54036 /* Products */;
			projectDirPath = "";
			projectRoot = "";
			targets = (
				04F3E5462C16C7C200A54036 /* GitHubUIKIT */,
			);
		};
/* End PBXProject section */

/* Begin PBXResourcesBuildPhase section */
		04F3E5452C16C7C200A54036 /* Resources */ = {
			isa = PBXResourcesBuildPhase;
			buildActionMask = 2147483647;
			files = (
				04F3E5542C16C7C300A54036 /* Assets.xcassets in Resources */,
				04F3E5572C16C7C300A54036 /* Base in Resources */,
			);
			runOnlyForDeploymentPostprocessing = 0;
		};
/* End PBXResourcesBuildPhase section */

/* Begin PBXSourcesBuildPhase section */
		04F3E5432C16C7C200A54036 /* Sources */ = {
			isa = PBXSourcesBuildPhase;
			buildActionMask = 2147483647;
			files = (
				049201FE2C32A59900EDAAB7 /* User.swift in Sources */,
				04F3E5652C16E0C000A54036 /* GFTextField.swift in Sources */,
				04F3E5672C16F22200A54036 /* FollowersListVC.swift in Sources */,
				04F3E5612C16CF5900A54036 /* FavoritesVC.swift in Sources */,
				049201F52C3269EF00EDAAB7 /* UIViewController+Ext.swift in Sources */,
				04F3E5632C16D49B00A54036 /* GFButton.swift in Sources */,
				049201F32C2ED0D800EDAAB7 /* GFAlertVC.swift in Sources */,
				04D1548E2C33C889000C15E7 /* ErrorMessage.swift in Sources */,
				049201F12C2ED01400EDAAB7 /* GFBodyLabel.swift in Sources */,
				049201FC2C32A4DC00EDAAB7 /* Follower.swift in Sources */,
				049201EF2C2ECECA00EDAAB7 /* GFTitleLabel.swift in Sources */,
				049202012C32ADA800EDAAB7 /* NetworkManager.swift in Sources */,
				04F3E55F2C16CF3200A54036 /* SearchVC.swift in Sources */,
				04F3E54B2C16C7C200A54036 /* AppDelegate.swift in Sources */,
				04F3E54D2C16C7C200A54036 /* SceneDelegate.swift in Sources */,
			);
			runOnlyForDeploymentPostprocessing = 0;
		};
/* End PBXSourcesBuildPhase section */

/* Begin PBXVariantGroup section */
		04F3E5552C16C7C300A54036 /* LaunchScreen.storyboard */ = {
			isa = PBXVariantGroup;
			children = (
				04F3E5562C16C7C300A54036 /* Base */,
			);
			name = LaunchScreen.storyboard;
			sourceTree = "<group>";
		};
/* End PBXVariantGroup section */

/* Begin XCBuildConfiguration section */
		04F3E5592C16C7C300A54036 /* Debug */ = {
			isa = XCBuildConfiguration;
			buildSettings = {
				ALWAYS_SEARCH_USER_PATHS = NO;
				ASSETCATALOG_COMPILER_GENERATE_SWIFT_ASSET_SYMBOL_EXTENSIONS = YES;
				CLANG_ANALYZER_NONNULL = YES;
				CLANG_ANALYZER_NUMBER_OBJECT_CONVERSION = YES_AGGRESSIVE;
				CLANG_CXX_LANGUAGE_STANDARD = "gnu++20";
				CLANG_ENABLE_MODULES = YES;
				CLANG_ENABLE_OBJC_ARC = YES;
				CLANG_ENABLE_OBJC_WEAK = YES;
				CLANG_WARN_BLOCK_CAPTURE_AUTORELEASING = YES;
				CLANG_WARN_BOOL_CONVERSION = YES;
				CLANG_WARN_COMMA = YES;
				CLANG_WARN_CONSTANT_CONVERSION = YES;
				CLANG_WARN_DEPRECATED_OBJC_IMPLEMENTATIONS = YES;
				CLANG_WARN_DIRECT_OBJC_ISA_USAGE = YES_ERROR;
				CLANG_WARN_DOCUMENTATION_COMMENTS = YES;
				CLANG_WARN_EMPTY_BODY = YES;
				CLANG_WARN_ENUM_CONVERSION = YES;
				CLANG_WARN_INFINITE_RECURSION = YES;
				CLANG_WARN_INT_CONVERSION = YES;
				CLANG_WARN_NON_LITERAL_NULL_CONVERSION = YES;
				CLANG_WARN_OBJC_IMPLICIT_RETAIN_SELF = YES;
				CLANG_WARN_OBJC_LITERAL_CONVERSION = YES;
				CLANG_WARN_OBJC_ROOT_CLASS = YES_ERROR;
				CLANG_WARN_QUOTED_INCLUDE_IN_FRAMEWORK_HEADER = YES;
				CLANG_WARN_RANGE_LOOP_ANALYSIS = YES;
				CLANG_WARN_STRICT_PROTOTYPES = YES;
				CLANG_WARN_SUSPICIOUS_MOVE = YES;
				CLANG_WARN_UNGUARDED_AVAILABILITY = YES_AGGRESSIVE;
				CLANG_WARN_UNREACHABLE_CODE = YES;
				CLANG_WARN__DUPLICATE_METHOD_MATCH = YES;
				COPY_PHASE_STRIP = NO;
				DEBUG_INFORMATION_FORMAT = dwarf;
				ENABLE_STRICT_OBJC_MSGSEND = YES;
				ENABLE_TESTABILITY = YES;
				ENABLE_USER_SCRIPT_SANDBOXING = YES;
				GCC_C_LANGUAGE_STANDARD = gnu17;
				GCC_DYNAMIC_NO_PIC = NO;
				GCC_NO_COMMON_BLOCKS = YES;
				GCC_OPTIMIZATION_LEVEL = 0;
				GCC_PREPROCESSOR_DEFINITIONS = (
					"DEBUG=1",
					"$(inherited)",
				);
				GCC_WARN_64_TO_32_BIT_CONVERSION = YES;
				GCC_WARN_ABOUT_RETURN_TYPE = YES_ERROR;
				GCC_WARN_UNDECLARED_SELECTOR = YES;
				GCC_WARN_UNINITIALIZED_AUTOS = YES_AGGRESSIVE;
				GCC_WARN_UNUSED_FUNCTION = YES;
				GCC_WARN_UNUSED_VARIABLE = YES;
				IPHONEOS_DEPLOYMENT_TARGET = 17.4;
				LOCALIZATION_PREFERS_STRING_CATALOGS = YES;
				MTL_ENABLE_DEBUG_INFO = INCLUDE_SOURCE;
				MTL_FAST_MATH = YES;
				ONLY_ACTIVE_ARCH = YES;
				SDKROOT = iphoneos;
				SWIFT_ACTIVE_COMPILATION_CONDITIONS = "DEBUG $(inherited)";
				SWIFT_OPTIMIZATION_LEVEL = "-Onone";
			};
			name = Debug;
		};
		04F3E55A2C16C7C300A54036 /* Release */ = {
			isa = XCBuildConfiguration;
			buildSettings = {
				ALWAYS_SEARCH_USER_PATHS = NO;
				ASSETCATALOG_COMPILER_GENERATE_SWIFT_ASSET_SYMBOL_EXTENSIONS = YES;
				CLANG_ANALYZER_NONNULL = YES;
				CLANG_ANALYZER_NUMBER_OBJECT_CONVERSION = YES_AGGRESSIVE;
				CLANG_CXX_LANGUAGE_STANDARD = "gnu++20";
				CLANG_ENABLE_MODULES = YES;
				CLANG_ENABLE_OBJC_ARC = YES;
				CLANG_ENABLE_OBJC_WEAK = YES;
				CLANG_WARN_BLOCK_CAPTURE_AUTORELEASING = YES;
				CLANG_WARN_BOOL_CONVERSION = YES;
				CLANG_WARN_COMMA = YES;
				CLANG_WARN_CONSTANT_CONVERSION = YES;
				CLANG_WARN_DEPRECATED_OBJC_IMPLEMENTATIONS = YES;
				CLANG_WARN_DIRECT_OBJC_ISA_USAGE = YES_ERROR;
				CLANG_WARN_DOCUMENTATION_COMMENTS = YES;
				CLANG_WARN_EMPTY_BODY = YES;
				CLANG_WARN_ENUM_CONVERSION = YES;
				CLANG_WARN_INFINITE_RECURSION = YES;
				CLANG_WARN_INT_CONVERSION = YES;
				CLANG_WARN_NON_LITERAL_NULL_CONVERSION = YES;
				CLANG_WARN_OBJC_IMPLICIT_RETAIN_SELF = YES;
				CLANG_WARN_OBJC_LITERAL_CONVERSION = YES;
				CLANG_WARN_OBJC_ROOT_CLASS = YES_ERROR;
				CLANG_WARN_QUOTED_INCLUDE_IN_FRAMEWORK_HEADER = YES;
				CLANG_WARN_RANGE_LOOP_ANALYSIS = YES;
				CLANG_WARN_STRICT_PROTOTYPES = YES;
				CLANG_WARN_SUSPICIOUS_MOVE = YES;
				CLANG_WARN_UNGUARDED_AVAILABILITY = YES_AGGRESSIVE;
				CLANG_WARN_UNREACHABLE_CODE = YES;
				CLANG_WARN__DUPLICATE_METHOD_MATCH = YES;
				COPY_PHASE_STRIP = NO;
				DEBUG_INFORMATION_FORMAT = "dwarf-with-dsym";
				ENABLE_NS_ASSERTIONS = NO;
				ENABLE_STRICT_OBJC_MSGSEND = YES;
				ENABLE_USER_SCRIPT_SANDBOXING = YES;
				GCC_C_LANGUAGE_STANDARD = gnu17;
				GCC_NO_COMMON_BLOCKS = YES;
				GCC_WARN_64_TO_32_BIT_CONVERSION = YES;
				GCC_WARN_ABOUT_RETURN_TYPE = YES_ERROR;
				GCC_WARN_UNDECLARED_SELECTOR = YES;
				GCC_WARN_UNINITIALIZED_AUTOS = YES_AGGRESSIVE;
				GCC_WARN_UNUSED_FUNCTION = YES;
				GCC_WARN_UNUSED_VARIABLE = YES;
				IPHONEOS_DEPLOYMENT_TARGET = 17.4;
				LOCALIZATION_PREFERS_STRING_CATALOGS = YES;
				MTL_ENABLE_DEBUG_INFO = NO;
				MTL_FAST_MATH = YES;
				SDKROOT = iphoneos;
				SWIFT_COMPILATION_MODE = wholemodule;
				VALIDATE_PRODUCT = YES;
			};
			name = Release;
		};
		04F3E55C2C16C7C300A54036 /* Debug */ = {
			isa = XCBuildConfiguration;
			buildSettings = {
				ASSETCATALOG_COMPILER_APPICON_NAME = AppIcon;
				ASSETCATALOG_COMPILER_GLOBAL_ACCENT_COLOR_NAME = AccentColor;
				CODE_SIGN_STYLE = Automatic;
				CURRENT_PROJECT_VERSION = 1;
				DEVELOPMENT_TEAM = ZC8Z8DCUY6;
				GENERATE_INFOPLIST_FILE = YES;
				INFOPLIST_FILE = GitHubUIKIT/Info.plist;
				INFOPLIST_KEY_LSApplicationCategoryType = "public.app-category.developer-tools";
				INFOPLIST_KEY_UIApplicationSupportsIndirectInputEvents = YES;
				INFOPLIST_KEY_UILaunchStoryboardName = LaunchScreen;
				INFOPLIST_KEY_UISupportedInterfaceOrientations = UIInterfaceOrientationPortrait;
				LD_RUNPATH_SEARCH_PATHS = (
					"$(inherited)",
					"@executable_path/Frameworks",
				);
				MARKETING_VERSION = 1.0;
				PRODUCT_BUNDLE_IDENTIFIER = com.bisckoot.GitHubUIKIT;
				PRODUCT_NAME = "$(TARGET_NAME)";
				SWIFT_EMIT_LOC_STRINGS = YES;
				SWIFT_VERSION = 5.0;
				TARGETED_DEVICE_FAMILY = "1,2";
			};
			name = Debug;
		};
		04F3E55D2C16C7C300A54036 /* Release */ = {
			isa = XCBuildConfiguration;
			buildSettings = {
				ASSETCATALOG_COMPILER_APPICON_NAME = AppIcon;
				ASSETCATALOG_COMPILER_GLOBAL_ACCENT_COLOR_NAME = AccentColor;
				CODE_SIGN_STYLE = Automatic;
				CURRENT_PROJECT_VERSION = 1;
				DEVELOPMENT_TEAM = ZC8Z8DCUY6;
				GENERATE_INFOPLIST_FILE = YES;
				INFOPLIST_FILE = GitHubUIKIT/Info.plist;
				INFOPLIST_KEY_LSApplicationCategoryType = "public.app-category.developer-tools";
				INFOPLIST_KEY_UIApplicationSupportsIndirectInputEvents = YES;
				INFOPLIST_KEY_UILaunchStoryboardName = LaunchScreen;
				INFOPLIST_KEY_UISupportedInterfaceOrientations = UIInterfaceOrientationPortrait;
				LD_RUNPATH_SEARCH_PATHS = (
					"$(inherited)",
					"@executable_path/Frameworks",
				);
				MARKETING_VERSION = 1.0;
				PRODUCT_BUNDLE_IDENTIFIER = com.bisckoot.GitHubUIKIT;
				PRODUCT_NAME = "$(TARGET_NAME)";
				SWIFT_EMIT_LOC_STRINGS = YES;
				SWIFT_VERSION = 5.0;
				TARGETED_DEVICE_FAMILY = "1,2";
			};
			name = Release;
		};
/* End XCBuildConfiguration section */

/* Begin XCConfigurationList section */
		04F3E5422C16C7C200A54036 /* Build configuration list for PBXProject "GitHubUIKIT" */ = {
			isa = XCConfigurationList;
			buildConfigurations = (
				04F3E5592C16C7C300A54036 /* Debug */,
				04F3E55A2C16C7C300A54036 /* Release */,
			);
			defaultConfigurationIsVisible = 0;
			defaultConfigurationName = Release;
		};
		04F3E55B2C16C7C300A54036 /* Build configuration list for PBXNativeTarget "GitHubUIKIT" */ = {
			isa = XCConfigurationList;
			buildConfigurations = (
				04F3E55C2C16C7C300A54036 /* Debug */,
				04F3E55D2C16C7C300A54036 /* Release */,
			);
			defaultConfigurationIsVisible = 0;
			defaultConfigurationName = Release;
		};
/* End XCConfigurationList section */
	};
	rootObject = 04F3E53F2C16C7C200A54036 /* Project object */;
}
